
Microsoft Visual Studio Solution File, Format Version 12.00
# Visual Studio 15
VisualStudioVersion = 15.0.27004.2002
MinimumVisualStudioVersion = 10.0.40219.1
Project("{FAE04EC0-301F-11D3-BF4B-00C04F79EFBC}") = "Chatbot", "Chatbot\Chatbot.csproj", "{6E26A0D8-C067-43E3-97ED-02E69C29AB4E}"
EndProject
Global
	GlobalSection(SolutionConfigurationPlatforms) = preSolution
		Debug|Any CPU = Debug|Any CPU
		Release|Any CPU = Release|Any CPU
	EndGlobalSection
	GlobalSection(ProjectConfigurationPlatforms) = postSolution
		{6E26A0D8-C067-43E3-97ED-02E69C29AB4E}.Debug|Any CPU.ActiveCfg = Debug|Any CPU
		{6E26A0D8-C067-43E3-97ED-02E69C29AB4E}.Debug|Any CPU.Build.0 = Debug|Any CPU
		{6E26A0D8-C067-43E3-97ED-02E69C29AB4E}.Debug|Any CPU.Deploy.0 = Debug|Any CPU
		{6E26A0D8-C067-43E3-97ED-02E69C29AB4E}.Release|Any CPU.ActiveCfg = Release|Any CPU
		{6E26A0D8-C067-43E3-97ED-02E69C29AB4E}.Release|Any CPU.Build.0 = Release|Any CPU
		{6E26A0D8-C067-43E3-97ED-02E69C29AB4E}.Release|Any CPU.Deploy.0 = Release|Any CPU
	EndGlobalSection
	GlobalSection(SolutionProperties) = preSolution
		HideSolutionNode = FALSE
	EndGlobalSection
	GlobalSection(ExtensibilityGlobals) = postSolution
		SolutionGuid = {4AACC10F-E8D3-43A0-AABB-33153CB42EEA}
	EndGlobalSection
EndGlobal
